
Microsoft Visual Studio Solution File, Format Version 12.00
# Visual Studio 14
VisualStudioVersion = 14.0.25123.0
MinimumVisualStudioVersion = 10.0.40219.1
Project("{7C88E918-180E-48AE-B365-90B0A654515E}") = "Sitecore.Support.23410", "Sitecore.Support.23410\Sitecore.Support.23410.csproj", "{BDD73B03-4216-4A9E-B845-D383FE7C639D}"
EndProject
Global
	GlobalSection(SolutionConfigurationPlatforms) = preSolution
		Debug|Any CPU = Debug|Any CPU
		Release|Any CPU = Release|Any CPU
	EndGlobalSection
	GlobalSection(ProjectConfigurationPlatforms) = postSolution
		{BDD73B03-4216-4A9E-B845-D383FE7C639D}.Debug|Any CPU.ActiveCfg = Debug|Any CPU
		{BDD73B03-4216-4A9E-B845-D383FE7C639D}.Debug|Any CPU.Build.0 = Debug|Any CPU
		{BDD73B03-4216-4A9E-B845-D383FE7C639D}.Release|Any CPU.ActiveCfg = Release|Any CPU
		{BDD73B03-4216-4A9E-B845-D383FE7C639D}.Release|Any CPU.Build.0 = Release|Any CPU
	EndGlobalSection
	GlobalSection(SolutionProperties) = preSolution
		HideSolutionNode = FALSE
	EndGlobalSection
EndGlobal
